
Microsoft Visual Studio Solution File, Format Version 12.00
# Visual Studio Version 17
VisualStudioVersion = 17.5.33414.496
MinimumVisualStudioVersion = 10.0.40219.1
Project("{FAE04EC0-301F-11D3-BF4B-00C04F79EFBC}") = "kpl_tp3_1302213039", "kpl_tp3_1302213039\kpl_tp3_1302213039.csproj", "{23F4910A-48B6-4C34-B4D4-B9C9F4FBBA10}"
EndProject
Global
	GlobalSection(SolutionConfigurationPlatforms) = preSolution
		Debug|Any CPU = Debug|Any CPU
		Release|Any CPU = Release|Any CPU
	EndGlobalSection
	GlobalSection(ProjectConfigurationPlatforms) = postSolution
		{23F4910A-48B6-4C34-B4D4-B9C9F4FBBA10}.Debug|Any CPU.ActiveCfg = Debug|Any CPU
		{23F4910A-48B6-4C34-B4D4-B9C9F4FBBA10}.Debug|Any CPU.Build.0 = Debug|Any CPU
		{23F4910A-48B6-4C34-B4D4-B9C9F4FBBA10}.Release|Any CPU.ActiveCfg = Release|Any CPU
		{23F4910A-48B6-4C34-B4D4-B9C9F4FBBA10}.Release|Any CPU.Build.0 = Release|Any CPU
	EndGlobalSection
	GlobalSection(SolutionProperties) = preSolution
		HideSolutionNode = FALSE
	EndGlobalSection
	GlobalSection(ExtensibilityGlobals) = postSolution
		SolutionGuid = {15500BEB-123D-454E-828C-732A647E9930}
	EndGlobalSection
EndGlobal
